Microsoft Visual Studio Solution File, Format Version 12.00
# Visual Studio Version 17
VisualStudioVersion = 17.5.2.0
MinimumVisualStudioVersion = 10.0.40219.1
Project("{FAE04EC0-301F-11D3-BF4B-00C04F79EFBC}") = "TodoApi", "Todo.API\TodoApi.csproj", "{61F80816-6E1E-CDC2-2695-5F078E991124}"
EndProject
Project("{FAE04EC0-301F-11D3-BF4B-00C04F79EFBC}") = "ToDo.Application", "ToDo.Application\ToDo.Application.csproj", "{308E0DC0-C9FC-786D-CA72-EA8261AFB66E}"
EndProject
Project("{FAE04EC0-301F-11D3-BF4B-00C04F79EFBC}") = "ToDo.Core", "ToDo.Core\ToDo.Core.csproj", "{42AFC116-C5CF-A8F1-E34E-1511E7425223}"
EndProject
Global
	GlobalSection(SolutionConfigurationPlatforms) = preSolution
		Debug|Any CPU = Debug|Any CPU
		Release|Any CPU = Release|Any CPU
	EndGlobalSection
	GlobalSection(ProjectConfigurationPlatforms) = postSolution
		{61F80816-6E1E-CDC2-2695-5F078E991124}.Debug|Any CPU.ActiveCfg = Debug|Any CPU
		{61F80816-6E1E-CDC2-2695-5F078E991124}.Debug|Any CPU.Build.0 = Debug|Any CPU
		{61F80816-6E1E-CDC2-2695-5F078E991124}.Release|Any CPU.ActiveCfg = Release|Any CPU
		{61F80816-6E1E-CDC2-2695-5F078E991124}.Release|Any CPU.Build.0 = Release|Any CPU
		{308E0DC0-C9FC-786D-CA72-EA8261AFB66E}.Debug|Any CPU.ActiveCfg = Debug|Any CPU
		{308E0DC0-C9FC-786D-CA72-EA8261AFB66E}.Debug|Any CPU.Build.0 = Debug|Any CPU
		{308E0DC0-C9FC-786D-CA72-EA8261AFB66E}.Release|Any CPU.ActiveCfg = Release|Any CPU
		{308E0DC0-C9FC-786D-CA72-EA8261AFB66E}.Release|Any CPU.Build.0 = Release|Any CPU
		{42AFC116-C5CF-A8F1-E34E-1511E7425223}.Debug|Any CPU.ActiveCfg = Debug|Any CPU
		{42AFC116-C5CF-A8F1-E34E-1511E7425223}.Debug|Any CPU.Build.0 = Debug|Any CPU
		{42AFC116-C5CF-A8F1-E34E-1511E7425223}.Release|Any CPU.ActiveCfg = Release|Any CPU
		{42AFC116-C5CF-A8F1-E34E-1511E7425223}.Release|Any CPU.Build.0 = Release|Any CPU
	EndGlobalSection
	GlobalSection(SolutionProperties) = preSolution
		HideSolutionNode = FALSE
	EndGlobalSection
	GlobalSection(ExtensibilityGlobals) = postSolution
		SolutionGuid = {EB23E6A8-4E16-4989-9BBE-DFB12534A61C}
	EndGlobalSection
EndGlobal
